
Microsoft Visual Studio Solution File, Format Version 12.00
# Visual Studio Version 17
VisualStudioVersion = 17.1.32407.343
MinimumVisualStudioVersion = 10.0.40219.1
Project("{FAE04EC0-301F-11D3-BF4B-00C04F79EFBC}") = "MyTests", "MyTests\MyTests.csproj", "{C56AE50E-FE62-425D-A8A2-0B5BA163E09C}"
EndProject
Project("{FAE04EC0-301F-11D3-BF4B-00C04F79EFBC}") = "MyObjects", "MyObjects\MyObjects.csproj", "{71A29B3A-06C4-4CB5-904D-1288BA66BF30}"
EndProject
Global
	GlobalSection(SolutionConfigurationPlatforms) = preSolution
		Debug|Any CPU = Debug|Any CPU
		Release|Any CPU = Release|Any CPU
	EndGlobalSection
	GlobalSection(ProjectConfigurationPlatforms) = postSolution
		{C56AE50E-FE62-425D-A8A2-0B5BA163E09C}.Debug|Any CPU.ActiveCfg = Debug|Any CPU
		{C56AE50E-FE62-425D-A8A2-0B5BA163E09C}.Debug|Any CPU.Build.0 = Debug|Any CPU
		{C56AE50E-FE62-425D-A8A2-0B5BA163E09C}.Release|Any CPU.ActiveCfg = Release|Any CPU
		{C56AE50E-FE62-425D-A8A2-0B5BA163E09C}.Release|Any CPU.Build.0 = Release|Any CPU
		{71A29B3A-06C4-4CB5-904D-1288BA66BF30}.Debug|Any CPU.ActiveCfg = Debug|Any CPU
		{71A29B3A-06C4-4CB5-904D-1288BA66BF30}.Debug|Any CPU.Build.0 = Debug|Any CPU
		{71A29B3A-06C4-4CB5-904D-1288BA66BF30}.Release|Any CPU.ActiveCfg = Release|Any CPU
		{71A29B3A-06C4-4CB5-904D-1288BA66BF30}.Release|Any CPU.Build.0 = Release|Any CPU
	EndGlobalSection
	GlobalSection(SolutionProperties) = preSolution
		HideSolutionNode = FALSE
	EndGlobalSection
	GlobalSection(ExtensibilityGlobals) = postSolution
		SolutionGuid = {598A6B81-7FC2-4A0E-813B-7499B02A0D28}
	EndGlobalSection
EndGlobal
